
Microsoft Visual Studio Solution File, Format Version 12.00
# Visual Studio Version 17
VisualStudioVersion = 17.14.37314.3 d17.14
MinimumVisualStudioVersion = 10.0.40219.1
Project("{FAE04EC0-301F-11D3-BF4B-00C04F79EFBC}") = "SafetyCopilot.API", "SafetyCopilot.API\SafetyCopilot.API.csproj", "{161EA347-F0D7-4DEE-ADB7-3E8C0DD645B8}"
EndProject
Global
	GlobalSection(SolutionConfigurationPlatforms) = preSolution
		Debug|Any CPU = Debug|Any CPU
		Release|Any CPU = Release|Any CPU
	EndGlobalSection
	GlobalSection(ProjectConfigurationPlatforms) = postSolution
		{161EA347-F0D7-4DEE-ADB7-3E8C0DD645B8}.Debug|Any CPU.ActiveCfg = Debug|Any CPU
		{161EA347-F0D7-4DEE-ADB7-3E8C0DD645B8}.Debug|Any CPU.Build.0 = Debug|Any CPU
		{161EA347-F0D7-4DEE-ADB7-3E8C0DD645B8}.Release|Any CPU.ActiveCfg = Release|Any CPU
		{161EA347-F0D7-4DEE-ADB7-3E8C0DD645B8}.Release|Any CPU.Build.0 = Release|Any CPU
	EndGlobalSection
	GlobalSection(SolutionProperties) = preSolution
		HideSolutionNode = FALSE
	EndGlobalSection
	GlobalSection(ExtensibilityGlobals) = postSolution
		SolutionGuid = {6F46886C-E6A3-49D4-8EC5-6D3346134A1D}
	EndGlobalSection
EndGlobal
